// !$*UTF8*$!
{
	archiveVersion = 1;
	classes = {
	};
	objectVersion = 46;
	objects = {

/* Begin PBXBuildFile section */
		3433AC0F1D0F26300060E9F2 /* AppDelegate.swift in Sources */ = {isa = PBXBuildFile; fileRef = 3433AC0E1D0F26300060E9F2 /* AppDelegate.swift */; };
		3433AC111D0F26300060E9F2 /* ViewController.swift in Sources */ = {isa = PBXBuildFile; fileRef = 3433AC101D0F26300060E9F2 /* ViewController.swift */; };
		3433AC141D0F26300060E9F2 /* Main.storyboard in Resources */ = {isa = PBXBuildFile; fileRef = 3433AC121D0F26300060E9F2 /* Main.storyboard */; };
		3433AC161D0F26300060E9F2 /* Assets.xcassets in Resources */ = {isa = PBXBuildFile; fileRef = 3433AC151D0F26300060E9F2 /* Assets.xcassets */; };
		3433AC191D0F26300060E9F2 /* LaunchScreen.storyboard in Resources */ = {isa = PBXBuildFile; fileRef = 3433AC171D0F26300060E9F2 /* LaunchScreen.storyboard */; };
		3433AC241D0F26310060E9F2 /* Donation_ConnectionsTests.swift in Sources */ = {isa = PBXBuildFile; fileRef = 3433AC231D0F26310060E9F2 /* Donation_ConnectionsTests.swift */; };
		3433AC311D0F42CD0060E9F2 /* CharitySignUp.xib in Resources */ = {isa = PBXBuildFile; fileRef = 3433AC301D0F42CD0060E9F2 /* CharitySignUp.xib */; };
		3433AC331D0F65140060E9F2 /* CharityView.swift in Sources */ = {isa = PBXBuildFile; fileRef = 3433AC321D0F65140060E9F2 /* CharityView.swift */; };
		3433AC351D0F66080060E9F2 /* SignUpViewController.swift in Sources */ = {isa = PBXBuildFile; fileRef = 3433AC341D0F66080060E9F2 /* SignUpViewController.swift */; };
		3433AC371D0F6AA10060E9F2 /* CharityDetailView.swift in Sources */ = {isa = PBXBuildFile; fileRef = 3433AC361D0F6AA10060E9F2 /* CharityDetailView.swift */; };
		3433AC3A1D10807E0060E9F2 /* Bolts.framework in Frameworks */ = {isa = PBXBuildFile; fileRef = 3433AC381D10807E0060E9F2 /* Bolts.framework */; };
		3433AC3B1D10807E0060E9F2 /* Parse.framework in Frameworks */ = {isa = PBXBuildFile; fileRef = 3433AC391D10807E0060E9F2 /* Parse.framework */; };
		3433AC4D1D10810E0060E9F2 /* libz.tbd in Frameworks */ = {isa = PBXBuildFile; fileRef = 3433AC4C1D10810E0060E9F2 /* libz.tbd */; };
		3433AC4F1D10811E0060E9F2 /* libsqlite3.tbd in Frameworks */ = {isa = PBXBuildFile; fileRef = 3433AC4E1D10811E0060E9F2 /* libsqlite3.tbd */; };
		346185AF1D11C70100375CF0 /* SignUpProtocol.swift in Sources */ = {isa = PBXBuildFile; fileRef = 346185AE1D11C70100375CF0 /* SignUpProtocol.swift */; };
		346185B11D11D11800375CF0 /* ItemTableViewCell.swift in Sources */ = {isa = PBXBuildFile; fileRef = 346185B01D11D11800375CF0 /* ItemTableViewCell.swift */; };
		346185B31D11DFA200375CF0 /* ItemCellXib.xib in Resources */ = {isa = PBXBuildFile; fileRef = 346185B21D11DFA200375CF0 /* ItemCellXib.xib */; };
		346185B51D11EF8A00375CF0 /* Charity.swift in Sources */ = {isa = PBXBuildFile; fileRef = 346185B41D11EF8A00375CF0 /* Charity.swift */; };
		346185B71D11F25300375CF0 /* Donator.swift in Sources */ = {isa = PBXBuildFile; fileRef = 346185B61D11F25300375CF0 /* Donator.swift */; };
		346185B91D120F2A00375CF0 /* SearchViewController.swift in Sources */ = {isa = PBXBuildFile; fileRef = 346185B81D120F2A00375CF0 /* SearchViewController.swift */; };
		346185BB1D12107800375CF0 /* CharityTableViewCell.swift in Sources */ = {isa = PBXBuildFile; fileRef = 346185BA1D12107800375CF0 /* CharityTableViewCell.swift */; };
		34A77FE51D13255A00041811 /* ParseKey.swift in Sources */ = {isa = PBXBuildFile; fileRef = 34A77FE41D13255A00041811 /* ParseKey.swift */; };
		34F64A701D10C936001FA309 /* DonatorView.swift in Sources */ = {isa = PBXBuildFile; fileRef = 34F64A6F1D10C936001FA309 /* DonatorView.swift */; };
		34F64A721D10C96D001FA309 /* DonatorSignUp.xib in Resources */ = {isa = PBXBuildFile; fileRef = 34F64A711D10C96D001FA309 /* DonatorSignUp.xib */; };
		AF3470AECE619E2CA4996EB0 /* Pods_Donation_Connections.framework in Frameworks */ = {isa = PBXBuildFile; fileRef = 3721F5CE2DD51ACFC4E6236B /* Pods_Donation_Connections.framework */; };
/* End PBXBuildFile section */

/* Begin PBXContainerItemProxy section */
		3433AC201D0F26310060E9F2 /* PBXContainerItemProxy */ = {
			isa = PBXContainerItemProxy;
			containerPortal = 3433AC031D0F26300060E9F2 /* Project object */;
			proxyType = 1;
			remoteGlobalIDString = 3433AC0A1D0F26300060E9F2;
			remoteInfo = "Donation Connections";
		};
/* End PBXContainerItemProxy section */

/* Begin PBXFileReference section */
		3433AC0B1D0F26300060E9F2 /* Donation Connections.app */ = {isa = PBXFileReference; explicitFileType = wrapper.application; includeInIndex = 0; path = "Donation Connections.app"; sourceTree = BUILT_PRODUCTS_DIR; };
		3433AC0E1D0F26300060E9F2 /* AppDelegate.swift */ = {isa = PBXFileReference; lastKnownFileType = sourcecode.swift; path = AppDelegate.swift; sourceTree = "<group>"; };
		3433AC101D0F26300060E9F2 /* ViewController.swift */ = {isa = PBXFileReference; lastKnownFileType = sourcecode.swift; path = ViewController.swift; sourceTree = "<group>"; };
		3433AC131D0F26300060E9F2 /* Base */ = {isa = PBXFileReference; lastKnownFileType = file.storyboard; name = Base; path = Base.lproj/Main.storyboard; sourceTree = "<group>"; };
		3433AC151D0F26300060E9F2 /* Assets.xcassets */ = {isa = PBXFileReference; lastKnownFileType = folder.assetcatalog; path = Assets.xcassets; sourceTree = "<group>"; };
		3433AC181D0F26300060E9F2 /* Base */ = {isa = PBXFileReference; lastKnownFileType = file.storyboard; name = Base; path = Base.lproj/LaunchScreen.storyboard; sourceTree = "<group>"; };
		3433AC1A1D0F26300060E9F2 /* Info.plist */ = {isa = PBXFileReference; lastKnownFileType = text.plist.xml; path = Info.plist; sourceTree = "<group>"; };
		3433AC1F1D0F26310060E9F2 /* Donation ConnectionsTests.xctest */ = {isa = PBXFileReference; explicitFileType = wrapper.cfbundle; includeInIndex = 0; path = "Donation ConnectionsTests.xctest"; sourceTree = BUILT_PRODUCTS_DIR; };
		3433AC231D0F26310060E9F2 /* Donation_ConnectionsTests.swift */ = {isa = PBXFileReference; lastKnownFileType = sourcecode.swift; path = Donation_ConnectionsTests.swift; sourceTree = "<group>"; };
		3433AC251D0F26310060E9F2 /* Info.plist */ = {isa = PBXFileReference; lastKnownFileType = text.plist.xml; path = Info.plist; sourceTree = "<group>"; };
		3433AC301D0F42CD0060E9F2 /* CharitySignUp.xib */ = {isa = PBXFileReference; fileEncoding = 4; lastKnownFileType = file.xib; name = CharitySignUp.xib; path = ../CharitySignUp.xib; sourceTree = "<group>"; };
		3433AC321D0F65140060E9F2 /* CharityView.swift */ = {isa = PBXFileReference; fileEncoding = 4; lastKnownFileType = sourcecode.swift; path = CharityView.swift; sourceTree = "<group>"; };
		3433AC341D0F66080060E9F2 /* SignUpViewController.swift */ = {isa = PBXFileReference; fileEncoding = 4; lastKnownFileType = sourcecode.swift; path = SignUpViewController.swift; sourceTree = "<group>"; };
		3433AC361D0F6AA10060E9F2 /* CharityDetailView.swift */ = {isa = PBXFileReference; fileEncoding = 4; lastKnownFileType = sourcecode.swift; path = CharityDetailView.swift; sourceTree = "<group>"; };
		3433AC381D10807E0060E9F2 /* Bolts.framework */ = {isa = PBXFileReference; lastKnownFileType = wrapper.framework; path = Bolts.framework; sourceTree = "<group>"; };
		3433AC391D10807E0060E9F2 /* Parse.framework */ = {isa = PBXFileReference; lastKnownFileType = wrapper.framework; path = Parse.framework; sourceTree = "<group>"; };
		3433AC4C1D10810E0060E9F2 /* libz.tbd */ = {isa = PBXFileReference; lastKnownFileType = "sourcecode.text-based-dylib-definition"; name = libz.tbd; path = usr/lib/libz.tbd; sourceTree = SDKROOT; };
		3433AC4E1D10811E0060E9F2 /* libsqlite3.tbd */ = {isa = PBXFileReference; lastKnownFileType = "sourcecode.text-based-dylib-definition"; name = libsqlite3.tbd; path = usr/lib/libsqlite3.tbd; sourceTree = SDKROOT; };
		346185AE1D11C70100375CF0 /* SignUpProtocol.swift */ = {isa = PBXFileReference; fileEncoding = 4; lastKnownFileType = sourcecode.swift; path = SignUpProtocol.swift; sourceTree = "<group>"; };
		346185B01D11D11800375CF0 /* ItemTableViewCell.swift */ = {isa = PBXFileReference; fileEncoding = 4; lastKnownFileType = sourcecode.swift; path = ItemTableViewCell.swift; sourceTree = "<group>"; };
		346185B21D11DFA200375CF0 /* ItemCellXib.xib */ = {isa = PBXFileReference; fileEncoding = 4; lastKnownFileType = file.xib; path = ItemCellXib.xib; sourceTree = "<group>"; };
		346185B41D11EF8A00375CF0 /* Charity.swift */ = {isa = PBXFileReference; fileEncoding = 4; lastKnownFileType = sourcecode.swift; path = Charity.swift; sourceTree = "<group>"; };
		346185B61D11F25300375CF0 /* Donator.swift */ = {isa = PBXFileReference; fileEncoding = 4; lastKnownFileType = sourcecode.swift; path = Donator.swift; sourceTree = "<group>"; };
		346185B81D120F2A00375CF0 /* SearchViewController.swift */ = {isa = PBXFileReference; fileEncoding = 4; lastKnownFileType = sourcecode.swift; path = SearchViewController.swift; sourceTree = "<group>"; };
		346185BA1D12107800375CF0 /* CharityTableViewCell.swift */ = {isa = PBXFileReference; fileEncoding = 4; lastKnownFileType = sourcecode.swift; path = CharityTableViewCell.swift; sourceTree = "<group>"; };
		34A77FE41D13255A00041811 /* ParseKey.swift */ = {isa = PBXFileReference; fileEncoding = 4; lastKnownFileType = sourcecode.swift; path = ParseKey.swift; sourceTree = "<group>"; };
		34F64A6F1D10C936001FA309 /* DonatorView.swift */ = {isa = PBXFileReference; fileEncoding = 4; lastKnownFileType = sourcecode.swift; path = DonatorView.swift; sourceTree = "<group>"; };
		34F64A711D10C96D001FA309 /* DonatorSignUp.xib */ = {isa = PBXFileReference; fileEncoding = 4; lastKnownFileType = file.xib; path = DonatorSignUp.xib; sourceTree = "<group>"; };
		3721F5CE2DD51ACFC4E6236B /* Pods_Donation_Connections.framework */ = {isa = PBXFileReference; explicitFileType = wrapper.framework; includeInIndex = 0; path = Pods_Donation_Connections.framework; sourceTree = BUILT_PRODUCTS_DIR; };
		97BFB153669F75A8DEBC5C8B /* Pods-Donation Connections.release.xcconfig */ = {isa = PBXFileReference; includeInIndex = 1; lastKnownFileType = text.xcconfig; name = "Pods-Donation Connections.release.xcconfig"; path = "Pods/Target Support Files/Pods-Donation Connections/Pods-Donation Connections.release.xcconfig"; sourceTree = "<group>"; };
		E59FA8F622EE419798AC9791 /* Pods-Donation Connections.debug.xcconfig */ = {isa = PBXFileReference; includeInIndex = 1; lastKnownFileType = text.xcconfig; name = "Pods-Donation Connections.debug.xcconfig"; path = "Pods/Target Support Files/Pods-Donation Connections/Pods-Donation Connections.debug.xcconfig"; sourceTree = "<group>"; };
/* End PBXFileReference section */

/* Begin PBXFrameworksBuildPhase section */
		3433AC081D0F26300060E9F2 /* Frameworks */ = {
			isa = PBXFrameworksBuildPhase;
			buildActionMask = 2147483647;
			files = (
				3433AC4F1D10811E0060E9F2 /* libsqlite3.tbd in Frameworks */,
				3433AC4D1D10810E0060E9F2 /* libz.tbd in Frameworks */,
				3433AC3B1D10807E0060E9F2 /* Parse.framework in Frameworks */,
				3433AC3A1D10807E0060E9F2 /* Bolts.framework in Frameworks */,
				AF3470AECE619E2CA4996EB0 /* Pods_Donation_Connections.framework in Frameworks */,
			);
			runOnlyForDeploymentPostprocessing = 0;
		};
		3433AC1C1D0F26310060E9F2 /* Frameworks */ = {
			isa = PBXFrameworksBuildPhase;
			buildActionMask = 2147483647;
			files = (
			);
			runOnlyForDeploymentPostprocessing = 0;
		};
/* End PBXFrameworksBuildPhase section */

/* Begin PBXGroup section */
		3433AC021D0F26300060E9F2 = {
			isa = PBXGroup;
			children = (
				3433AC4E1D10811E0060E9F2 /* libsqlite3.tbd */,
				3433AC4C1D10810E0060E9F2 /* libz.tbd */,
				3433AC0D1D0F26300060E9F2 /* Donation Connections */,
				3433AC221D0F26310060E9F2 /* Donation ConnectionsTests */,
				3433AC0C1D0F26300060E9F2 /* Products */,
				E07D5C91EE54E97685D7A417 /* Pods */,
				EAA8AE16065749D3914A8857 /* Frameworks */,
			);
			sourceTree = "<group>";
		};
		3433AC0C1D0F26300060E9F2 /* Products */ = {
			isa = PBXGroup;
			children = (
				3433AC0B1D0F26300060E9F2 /* Donation Connections.app */,
				3433AC1F1D0F26310060E9F2 /* Donation ConnectionsTests.xctest */,
			);
			name = Products;
			sourceTree = "<group>";
		};
		3433AC0D1D0F26300060E9F2 /* Donation Connections */ = {
			isa = PBXGroup;
			children = (
				3433AC381D10807E0060E9F2 /* Bolts.framework */,
				3433AC391D10807E0060E9F2 /* Parse.framework */,
				3433AC0E1D0F26300060E9F2 /* AppDelegate.swift */,
				346185AE1D11C70100375CF0 /* SignUpProtocol.swift */,
				346185B41D11EF8A00375CF0 /* Charity.swift */,
				34A77FE41D13255A00041811 /* ParseKey.swift */,
				346185B61D11F25300375CF0 /* Donator.swift */,
				34F64A731D10CA3D001FA309 /* Controller */,
				34F64A741D10CA52001FA309 /* UI */,
				346185AD1D10D2A800375CF0 /* View */,
				3433AC151D0F26300060E9F2 /* Assets.xcassets */,
				346185BA1D12107800375CF0 /* CharityTableViewCell.swift */,
				346185B01D11D11800375CF0 /* ItemTableViewCell.swift */,
				3433AC1A1D0F26300060E9F2 /* Info.plist */,
			);
			path = "Donation Connections";
			sourceTree = "<group>";
		};
		3433AC221D0F26310060E9F2 /* Donation ConnectionsTests */ = {
			isa = PBXGroup;
			children = (
				3433AC231D0F26310060E9F2 /* Donation_ConnectionsTests.swift */,
				3433AC251D0F26310060E9F2 /* Info.plist */,
			);
			path = "Donation ConnectionsTests";
			sourceTree = "<group>";
		};
		346185AD1D10D2A800375CF0 /* View */ = {
			isa = PBXGroup;
			children = (
				34F64A6F1D10C936001FA309 /* DonatorView.swift */,
				3433AC321D0F65140060E9F2 /* CharityView.swift */,
			);
			name = View;
			sourceTree = "<group>";
		};
		34F64A731D10CA3D001FA309 /* Controller */ = {
			isa = PBXGroup;
			children = (
				3433AC101D0F26300060E9F2 /* ViewController.swift */,
				3433AC361D0F6AA10060E9F2 /* CharityDetailView.swift */,
				3433AC341D0F66080060E9F2 /* SignUpViewController.swift */,
				346185B81D120F2A00375CF0 /* SearchViewController.swift */,
			);
			name = Controller;
			sourceTree = "<group>";
		};
		34F64A741D10CA52001FA309 /* UI */ = {
			isa = PBXGroup;
			children = (
				3433AC121D0F26300060E9F2 /* Main.storyboard */,
				3433AC171D0F26300060E9F2 /* LaunchScreen.storyboard */,
				3433AC301D0F42CD0060E9F2 /* CharitySignUp.xib */,
				34F64A711D10C96D001FA309 /* DonatorSignUp.xib */,
				346185B21D11DFA200375CF0 /* ItemCellXib.xib */,
			);
			name = UI;
			sourceTree = "<group>";
		};
		E07D5C91EE54E97685D7A417 /* Pods */ = {
			isa = PBXGroup;
			children = (
				E59FA8F622EE419798AC9791 /* Pods-Donation Connections.debug.xcconfig */,
				97BFB153669F75A8DEBC5C8B /* Pods-Donation Connections.release.xcconfig */,
			);
			name = Pods;
			sourceTree = "<group>";
		};
		EAA8AE16065749D3914A8857 /* Frameworks */ = {
			isa = PBXGroup;
			children = (
				3721F5CE2DD51ACFC4E6236B /* Pods_Donation_Connections.framework */,
			);
			name = Frameworks;
			sourceTree = "<group>";
		};
/* End PBXGroup section */

/* Begin PBXNativeTarget section */
		3433AC0A1D0F26300060E9F2 /* Donation Connections */ = {
			isa = PBXNativeTarget;
			buildConfigurationList = 3433AC281D0F26310060E9F2 /* Build configuration list for PBXNativeTarget "Donation Connections" */;
			buildPhases = (
				F2554D117BA4EBDA079BA93F /* 📦 Check Pods Manifest.lock */,
				3433AC071D0F26300060E9F2 /* Sources */,
				3433AC081D0F26300060E9F2 /* Frameworks */,
				3433AC091D0F26300060E9F2 /* Resources */,
				92F682885B111BA6BEB2369D /* 📦 Embed Pods Frameworks */,
				165EC6F0FF93FFB3EF81139F /* 📦 Copy Pods Resources */,
			);
			buildRules = (
			);
			dependencies = (
			);
			name = "Donation Connections";
			productName = "Donation Connections";
			productReference = 3433AC0B1D0F26300060E9F2 /* Donation Connections.app */;
			productType = "com.apple.product-type.application";
		};
		3433AC1E1D0F26310060E9F2 /* Donation ConnectionsTests */ = {
			isa = PBXNativeTarget;
			buildConfigurationList = 3433AC2B1D0F26310060E9F2 /* Build configuration list for PBXNativeTarget "Donation ConnectionsTests" */;
			buildPhases = (
				3433AC1B1D0F26310060E9F2 /* Sources */,
				3433AC1C1D0F26310060E9F2 /* Frameworks */,
				3433AC1D1D0F26310060E9F2 /* Resources */,
			);
			buildRules = (
			);
			dependencies = (
				3433AC211D0F26310060E9F2 /* PBXTargetDependency */,
			);
			name = "Donation ConnectionsTests";
			productName = "Donation ConnectionsTests";
			productReference = 3433AC1F1D0F26310060E9F2 /* Donation ConnectionsTests.xctest */;
			productType = "com.apple.product-type.bundle.unit-test";
		};
/* End PBXNativeTarget section */

/* Begin PBXProject section */
		3433AC031D0F26300060E9F2 /* Project object */ = {
			isa = PBXProject;
			attributes = {
				LastSwiftUpdateCheck = 0730;
				LastUpgradeCheck = 0730;
				ORGANIZATIONNAME = "Taylor Benna";
				TargetAttributes = {
					3433AC0A1D0F26300060E9F2 = {
						CreatedOnToolsVersion = 7.3;
						DevelopmentTeam = F9TL8X93F7;
					};
					3433AC1E1D0F26310060E9F2 = {
						CreatedOnToolsVersion = 7.3;
						DevelopmentTeam = F9TL8X93F7;
						TestTargetID = 3433AC0A1D0F26300060E9F2;
					};
				};
			};
			buildConfigurationList = 3433AC061D0F26300060E9F2 /* Build configuration list for PBXProject "Donation Connections" */;
			compatibilityVersion = "Xcode 3.2";
			developmentRegion = English;
			hasScannedForEncodings = 0;
			knownRegions = (
				en,
				Base,
			);
			mainGroup = 3433AC021D0F26300060E9F2;
			productRefGroup = 3433AC0C1D0F26300060E9F2 /* Products */;
			projectDirPath = "";
			projectRoot = "";
			targets = (
				3433AC0A1D0F26300060E9F2 /* Donation Connections */,
				3433AC1E1D0F26310060E9F2 /* Donation ConnectionsTests */,
			);
		};
/* End PBXProject section */

/* Begin PBXResourcesBuildPhase section */
		3433AC091D0F26300060E9F2 /* Resources */ = {
			isa = PBXResourcesBuildPhase;
			buildActionMask = 2147483647;
			files = (
				346185B31D11DFA200375CF0 /* ItemCellXib.xib in Resources */,
				34F64A721D10C96D001FA309 /* DonatorSignUp.xib in Resources */,
				3433AC191D0F26300060E9F2 /* LaunchScreen.storyboard in Resources */,
				3433AC161D0F26300060E9F2 /* Assets.xcassets in Resources */,
				3433AC141D0F26300060E9F2 /* Main.storyboard in Resources */,
				3433AC311D0F42CD0060E9F2 /* CharitySignUp.xib in Resources */,
			);
			runOnlyForDeploymentPostprocessing = 0;
		};
		3433AC1D1D0F26310060E9F2 /* Resources */ = {
			isa = PBXResourcesBuildPhase;
			buildActionMask = 2147483647;
			files = (
			);
			runOnlyForDeploymentPostprocessing = 0;
		};
/* End PBXResourcesBuildPhase section */

/* Begin PBXShellScriptBuildPhase section */
		165EC6F0FF93FFB3EF81139F /* 📦 Copy Pods Resources */ = {
			isa = PBXShellScriptBuildPhase;
			buildActionMask = 2147483647;
			files = (
			);
			inputPaths = (
			);
			name = "📦 Copy Pods Resources";
			outputPaths = (
			);
			runOnlyForDeploymentPostprocessing = 0;
			shellPath = /bin/sh;
			shellScript = "\"${SRCROOT}/Pods/Target Support Files/Pods-Donation Connections/Pods-Donation Connections-resources.sh\"\n";
			showEnvVarsInLog = 0;
		};
		92F682885B111BA6BEB2369D /* 📦 Embed Pods Frameworks */ = {
			isa = PBXShellScriptBuildPhase;
			buildActionMask = 2147483647;
			files = (
			);
			inputPaths = (
			);
			name = "📦 Embed Pods Frameworks";
			outputPaths = (
			);
			runOnlyForDeploymentPostprocessing = 0;
			shellPath = /bin/sh;
			shellScript = "\"${SRCROOT}/Pods/Target Support Files/Pods-Donation Connections/Pods-Donation Connections-frameworks.sh\"\n";
			showEnvVarsInLog = 0;
		};
		F2554D117BA4EBDA079BA93F /* 📦 Check Pods Manifest.lock */ = {
			isa = PBXShellScriptBuildPhase;
			buildActionMask = 2147483647;
			files = (
			);
			inputPaths = (
			);
			name = "📦 Check Pods Manifest.lock";
			outputPaths = (
			);
			runOnlyForDeploymentPostprocessing = 0;
			shellPath = /bin/sh;
			shellScript = "diff \"${PODS_ROOT}/../Podfile.lock\" \"${PODS_ROOT}/Manifest.lock\" > /dev/null\nif [[ $? != 0 ]] ; then\n    cat << EOM\nerror: The sandbox is not in sync with the Podfile.lock. Run 'pod install' or update your CocoaPods installation.\nEOM\n    exit 1\nfi\n";
			showEnvVarsInLog = 0;
		};
/* End PBXShellScriptBuildPhase section */

/* Begin PBXSourcesBuildPhase section */
		3433AC071D0F26300060E9F2 /* Sources */ = {
			isa = PBXSourcesBuildPhase;
			buildActionMask = 2147483647;
			files = (
				3433AC111D0F26300060E9F2 /* ViewController.swift in Sources */,
				346185B91D120F2A00375CF0 /* SearchViewController.swift in Sources */,
				3433AC331D0F65140060E9F2 /* CharityView.swift in Sources */,
				3433AC351D0F66080060E9F2 /* SignUpViewController.swift in Sources */,
				3433AC0F1D0F26300060E9F2 /* AppDelegate.swift in Sources */,
				346185B51D11EF8A00375CF0 /* Charity.swift in Sources */,
				346185B11D11D11800375CF0 /* ItemTableViewCell.swift in Sources */,
				346185AF1D11C70100375CF0 /* SignUpProtocol.swift in Sources */,
				346185BB1D12107800375CF0 /* CharityTableViewCell.swift in Sources */,
				34A77FE51D13255A00041811 /* ParseKey.swift in Sources */,
				34F64A701D10C936001FA309 /* DonatorView.swift in Sources */,
				3433AC371D0F6AA10060E9F2 /* CharityDetailView.swift in Sources */,
				346185B71D11F25300375CF0 /* Donator.swift in Sources */,
			);
			runOnlyForDeploymentPostprocessing = 0;
		};
		3433AC1B1D0F26310060E9F2 /* Sources */ = {
			isa = PBXSourcesBuildPhase;
			buildActionMask = 2147483647;
			files = (
				3433AC241D0F26310060E9F2 /* Donation_ConnectionsTests.swift in Sources */,
			);
			runOnlyForDeploymentPostprocessing = 0;
		};
/* End PBXSourcesBuildPhase section */

/* Begin PBXTargetDependency section */
		3433AC211D0F26310060E9F2 /* PBXTargetDependency */ = {
			isa = PBXTargetDependency;
			target = 3433AC0A1D0F26300060E9F2 /* Donation Connections */;
			targetProxy = 3433AC201D0F26310060E9F2 /* PBXContainerItemProxy */;
		};
/* End PBXTargetDependency section */

/* Begin PBXVariantGroup section */
		3433AC121D0F26300060E9F2 /* Main.storyboard */ = {
			isa = PBXVariantGroup;
			children = (
				3433AC131D0F26300060E9F2 /* Base */,
			);
			name = Main.storyboard;
			sourceTree = "<group>";
		};
		3433AC171D0F26300060E9F2 /* LaunchScreen.storyboard */ = {
			isa = PBXVariantGroup;
			children = (
				3433AC181D0F26300060E9F2 /* Base */,
			);
			name = LaunchScreen.storyboard;
			sourceTree = "<group>";
		};
/* End PBXVariantGroup section */

/* Begin XCBuildConfiguration section */
		3433AC261D0F26310060E9F2 /* Debug */ = {
			isa = XCBuildConfiguration;
			buildSettings = {
				ALWAYS_SEARCH_USER_PATHS = NO;
				CLANG_ANALYZER_NONNULL = YES;
				CLANG_CXX_LANGUAGE_STANDARD = "gnu++0x";
				CLANG_CXX_LIBRARY = "libc++";
				CLANG_ENABLE_MODULES = YES;
				CLANG_ENABLE_OBJC_ARC = YES;
				CLANG_WARN_BOOL_CONVERSION = YES;
				CLANG_WARN_CONSTANT_CONVERSION = YES;
				CLANG_WARN_DIRECT_OBJC_ISA_USAGE = YES_ERROR;
				CLANG_WARN_EMPTY_BODY = YES;
				CLANG_WARN_ENUM_CONVERSION = YES;
				CLANG_WARN_INT_CONVERSION = YES;
				CLANG_WARN_OBJC_ROOT_CLASS = YES_ERROR;
				CLANG_WARN_UNREACHABLE_CODE = YES;
				CLANG_WARN__DUPLICATE_METHOD_MATCH = YES;
				"CODE_SIGN_IDENTITY[sdk=iphoneos*]" = "iPhone Developer";
				COPY_PHASE_STRIP = NO;
				DEBUG_INFORMATION_FORMAT = dwarf;
				ENABLE_STRICT_OBJC_MSGSEND = YES;
				ENABLE_TESTABILITY = YES;
				GCC_C_LANGUAGE_STANDARD = gnu99;
				GCC_DYNAMIC_NO_PIC = NO;
				GCC_NO_COMMON_BLOCKS = YES;
				GCC_OPTIMIZATION_LEVEL = 0;
				GCC_PREPROCESSOR_DEFINITIONS = (
					"DEBUG=1",
					"$(inherited)",
				);
				GCC_WARN_64_TO_32_BIT_CONVERSION = YES;
				GCC_WARN_ABOUT_RETURN_TYPE = YES_ERROR;
				GCC_WARN_UNDECLARED_SELECTOR = YES;
				GCC_WARN_UNINITIALIZED_AUTOS = YES_AGGRESSIVE;
				GCC_WARN_UNUSED_FUNCTION = YES;
				GCC_WARN_UNUSED_VARIABLE = YES;
				IPHONEOS_DEPLOYMENT_TARGET = 9.3;
				MTL_ENABLE_DEBUG_INFO = YES;
				ONLY_ACTIVE_ARCH = YES;
				SDKROOT = iphoneos;
				SWIFT_OPTIMIZATION_LEVEL = "-Onone";
				TARGETED_DEVICE_FAMILY = "1,2";
			};
			name = Debug;
		};
		3433AC271D0F26310060E9F2 /* Release */ = {
			isa = XCBuildConfiguration;
			buildSettings = {
				ALWAYS_SEARCH_USER_PATHS = NO;
				CLANG_ANALYZER_NONNULL = YES;
				CLANG_CXX_LANGUAGE_STANDARD = "gnu++0x";
				CLANG_CXX_LIBRARY = "libc++";
				CLANG_ENABLE_MODULES = YES;
				CLANG_ENABLE_OBJC_ARC = YES;
				CLANG_WARN_BOOL_CONVERSION = YES;
				CLANG_WARN_CONSTANT_CONVERSION = YES;
				CLANG_WARN_DIRECT_OBJC_ISA_USAGE = YES_ERROR;
				CLANG_WARN_EMPTY_BODY = YES;
				CLANG_WARN_ENUM_CONVERSION = YES;
				CLANG_WARN_INT_CONVERSION = YES;
				CLANG_WARN_OBJC_ROOT_CLASS = YES_ERROR;
				CLANG_WARN_UNREACHABLE_CODE = YES;
				CLANG_WARN__DUPLICATE_METHOD_MATCH = YES;
				"CODE_SIGN_IDENTITY[sdk=iphoneos*]" = "iPhone Developer";
				COPY_PHASE_STRIP = NO;
				DEBUG_INFORMATION_FORMAT = "dwarf-with-dsym";
				ENABLE_NS_ASSERTIONS = NO;
				ENABLE_STRICT_OBJC_MSGSEND = YES;
				GCC_C_LANGUAGE_STANDARD = gnu99;
				GCC_NO_COMMON_BLOCKS = YES;
				GCC_WARN_64_TO_32_BIT_CONVERSION = YES;
				GCC_WARN_ABOUT_RETURN_TYPE = YES_ERROR;
				GCC_WARN_UNDECLARED_SELECTOR = YES;
				GCC_WARN_UNINITIALIZED_AUTOS = YES_AGGRESSIVE;
				GCC_WARN_UNUSED_FUNCTION = YES;
				GCC_WARN_UNUSED_VARIABLE = YES;
				IPHONEOS_DEPLOYMENT_TARGET = 9.3;
				MTL_ENABLE_DEBUG_INFO = NO;
				SDKROOT = iphoneos;
				TARGETED_DEVICE_FAMILY = "1,2";
				VALIDATE_PRODUCT = YES;
			};
			name = Release;
		};
		3433AC291D0F26310060E9F2 /* Debug */ = {
			isa = XCBuildConfiguration;
			baseConfigurationReference = E59FA8F622EE419798AC9791 /* Pods-Donation Connections.debug.xcconfig */;
			buildSettings = {
				ASSETCATALOG_COMPILER_APPICON_NAME = AppIcon;
				FRAMEWORK_SEARCH_PATHS = (
					"$(inherited)",
					"$(PROJECT_DIR)/Donation",
					Connections,
				);
				INFOPLIST_FILE = "Donation Connections/Info.plist";
				LD_RUNPATH_SEARCH_PATHS = "$(inherited) @executable_path/Frameworks";
				PRODUCT_BUNDLE_IDENTIFIER = "Taylor.Donation-Connections";
				PRODUCT_NAME = "$(TARGET_NAME)";
			};
			name = Debug;
		};
		3433AC2A1D0F26310060E9F2 /* Release */ = {
			isa = XCBuildConfiguration;
			baseConfigurationReference = 97BFB153669F75A8DEBC5C8B /* Pods-Donation Connections.release.xcconfig */;
			buildSettings = {
				ASSETCATALOG_COMPILER_APPICON_NAME = AppIcon;
				FRAMEWORK_SEARCH_PATHS = (
					"$(inherited)",
					"$(PROJECT_DIR)/Donation",
					Connections,
				);
				INFOPLIST_FILE = "Donation Connections/Info.plist";
				LD_RUNPATH_SEARCH_PATHS = "$(inherited) @executable_path/Frameworks";
				PRODUCT_BUNDLE_IDENTIFIER = "Taylor.Donation-Connections";
				PRODUCT_NAME = "$(TARGET_NAME)";
			};
			name = Release;
		};
		3433AC2C1D0F26310060E9F2 /* Debug */ = {
			isa = XCBuildConfiguration;
			buildSettings = {
				BUNDLE_LOADER = "$(TEST_HOST)";
				INFOPLIST_FILE = "Donation ConnectionsTests/Info.plist";
				LD_RUNPATH_SEARCH_PATHS = "$(inherited) @executable_path/Frameworks @loader_path/Frameworks";
				PRODUCT_BUNDLE_IDENTIFIER = "Taylor.Donation-ConnectionsTests";
				PRODUCT_NAME = "$(TARGET_NAME)";
				TEST_HOST = "$(BUILT_PRODUCTS_DIR)/Donation Connections.app/Donation Connections";
			};
			name = Debug;
		};
		3433AC2D1D0F26310060E9F2 /* Release */ = {
			isa = XCBuildConfiguration;
			buildSettings = {
				BUNDLE_LOADER = "$(TEST_HOST)";
				INFOPLIST_FILE = "Donation ConnectionsTests/Info.plist";
				LD_RUNPATH_SEARCH_PATHS = "$(inherited) @executable_path/Frameworks @loader_path/Frameworks";
				PRODUCT_BUNDLE_IDENTIFIER = "Taylor.Donation-ConnectionsTests";
				PRODUCT_NAME = "$(TARGET_NAME)";
				TEST_HOST = "$(BUILT_PRODUCTS_DIR)/Donation Connections.app/Donation Connections";
			};
			name = Release;
		};
/* End XCBuildConfiguration section */

/* Begin XCConfigurationList section */
		3433AC061D0F26300060E9F2 /* Build configuration list for PBXProject "Donation Connections" */ = {
			isa = XCConfigurationList;
			buildConfigurations = (
				3433AC261D0F26310060E9F2 /* Debug */,
				3433AC271D0F26310060E9F2 /* Release */,
			);
			defaultConfigurationIsVisible = 0;
			defaultConfigurationName = Release;
		};
		3433AC281D0F26310060E9F2 /* Build configuration list for PBXNativeTarget "Donation Connections" */ = {
			isa = XCConfigurationList;
			buildConfigurations = (
				3433AC291D0F26310060E9F2 /* Debug */,
				3433AC2A1D0F26310060E9F2 /* Release */,
			);
			defaultConfigurationIsVisible = 0;
			defaultConfigurationName = Release;
		};
		3433AC2B1D0F26310060E9F2 /* Build configuration list for PBXNativeTarget "Donation ConnectionsTests" */ = {
			isa = XCConfigurationList;
			buildConfigurations = (
				3433AC2C1D0F26310060E9F2 /* Debug */,
				3433AC2D1D0F26310060E9F2 /* Release */,
			);
			defaultConfigurationIsVisible = 0;
			defaultConfigurationName = Release;
		};
/* End XCConfigurationList section */
	};
	rootObject = 3433AC031D0F26300060E9F2 /* Project object */;
}
